<?xml version="1.0" encoding="utf-8"?>
<Project ToolsVersion="4.0" xmlns="http://schemas.microsoft.com/developer/msbuild/2003">
  <ItemGroup>
    <Filter Include="Файлы исходного кода">
      <UniqueIdentifier>{4FC737F1-C7A5-4376-A066-2A32D752A2FF}</UniqueIdentifier>
      <Extensions>cpp;c;cc;cxx;def;odl;idl;hpj;bat;asm;asmx</Extensions>
    </Filter>
    <Filter Include="Заголовочные файлы">
      <UniqueIdentifier>{93995380-89BD-4b04-88EB-625FBE52EBFB}</UniqueIdentifier>
      <Extensions>h;hpp;hxx;hm;inl;inc;xsd</Extensions>
    </Filter>
    <Filter Include="Файлы ресурсов">
      <UniqueIdentifier>{67DA6AB6-F800-4c08-8B7A-83BB121AAD01}</UniqueIdentifier>
      <Extensions>rc;ico;cur;bmp;dlg;rc2;rct;bin;rgs;gif;jpg;jpeg;jpe;resx;tiff;tif;png;wav;mfcribbon-ms</Extensions>
    </Filter>
    <Filter Include="Заголовочные файлы\PolyLib">
      <UniqueIdentifier>{010d7759-9557-4cdc-a564-25c065da5bfd}</UniqueIdentifier>
    </Filter>
    <Filter Include="Файлы исходного кода\PolyLib">
      <UniqueIdentifier>{7a3e5976-846b-47d9-ba1c-5f21b397917f}</UniqueIdentifier>
    </Filter>
    <Filter Include="Файлы исходного кода\Alglib">
      <UniqueIdentifier>{05c2aef3-21d6-4299-8abd-5d47049604d0}</UniqueIdentifier>
    </Filter>
    <Filter Include="Заголовочные файлы\Alglib">
      <UniqueIdentifier>{ae7b6773-7a70-456c-806c-1ab587dcee6a}</UniqueIdentifier>
    </Filter>
    <Filter Include="Заголовочные файлы\Tests">
      <UniqueIdentifier>{c5b1edb2-3f9c-4c06-b87c-8b08c8929436}</UniqueIdentifier>
    </Filter>
    <Filter Include="Файлы исходного кода\Tests">
      <UniqueIdentifier>{03dfea05-3647-4960-a543-a3a407aaa1e8}</UniqueIdentifier>
    </Filter>
  </ItemGroup>
  <ItemGroup>
    <ClInclude Include="stdafx.h">
      <Filter>Заголовочные файлы</Filter>
    </ClInclude>
    <ClInclude Include="targetver.h">
      <Filter>Заголовочные файлы</Filter>
    </ClInclude>
    <ClInclude Include="PolyLib\ACore.h">
      <Filter>Заголовочные файлы\PolyLib</Filter>
    </ClInclude>
    <ClInclude Include="PolyLib\ACorePolyLib.h">
      <Filter>Заголовочные файлы\PolyLib</Filter>
    </ClInclude>
    <ClInclude Include="PolyLib\Descriptions.h">
      <Filter>Заголовочные файлы\PolyLib</Filter>
    </ClInclude>
    <ClInclude Include="PolyLib\PolyLibHelpers.h">
      <Filter>Заголовочные файлы\PolyLib</Filter>
    </ClInclude>
    <ClInclude Include="PolyLib\Polynom.h">
      <Filter>Заголовочные файлы\PolyLib</Filter>
    </ClInclude>
    <ClInclude Include="PolyLib\Signal.h">
      <Filter>Заголовочные файлы\PolyLib</Filter>
    </ClInclude>
    <ClInclude Include="PolyLib\SignalSolver.h">
      <Filter>Заголовочные файлы\PolyLib</Filter>
    </ClInclude>
    <ClInclude Include="PolyLib\ILinearSolver.h">
      <Filter>Заголовочные файлы\PolyLib</Filter>
    </ClInclude>
    <ClInclude Include="PolyLib\AmplSolver.h">
      <Filter>Заголовочные файлы\PolyLib</Filter>
    </ClInclude>
    <ClInclude Include="PolyLib\ACoreSolver.h">
      <Filter>Заголовочные файлы\PolyLib</Filter>
    </ClInclude>
    <ClInclude Include="PolyLib\SegmentSolver.h">
      <Filter>Заголовочные файлы\PolyLib</Filter>
    </ClInclude>
    <ClInclude Include="PolyLib\SegmentDescription.h">
      <Filter>Заголовочные файлы\PolyLib</Filter>
    </ClInclude>
    <ClInclude Include="PolyLib\DescriptionBuilder.h">
      <Filter>Заголовочные файлы\PolyLib</Filter>
    </ClInclude>
    <ClInclude Include="PolyLib\Optimisation.h">
      <Filter>Заголовочные файлы\PolyLib</Filter>
    </ClInclude>
    <ClInclude Include="AlgLib\ap.h">
      <Filter>Заголовочные файлы\Alglib</Filter>
    </ClInclude>
    <ClInclude Include="AlgLib\solvers.h">
      <Filter>Заголовочные файлы\Alglib</Filter>
    </ClInclude>
    <ClInclude Include="AlgLib\interpolation.h">
      <Filter>Заголовочные файлы\Alglib</Filter>
    </ClInclude>
    <ClInclude Include="AlgLib\integration.h">
      <Filter>Заголовочные файлы\Alglib</Filter>
    </ClInclude>
    <ClInclude Include="AlgLib\fasttransforms.h">
      <Filter>Заголовочные файлы\Alglib</Filter>
    </ClInclude>
    <ClInclude Include="AlgLib\diffequations.h">
      <Filter>Заголовочные файлы\Alglib</Filter>
    </ClInclude>
    <ClInclude Include="AlgLib\optimization.h">
      <Filter>Заголовочные файлы\Alglib</Filter>
    </ClInclude>
    <ClInclude Include="AlgLib\specialfunctions.h">
      <Filter>Заголовочные файлы\Alglib</Filter>
    </ClInclude>
    <ClInclude Include="AlgLib\dataanalysis.h">
      <Filter>Заголовочные файлы\Alglib</Filter>
    </ClInclude>
    <ClInclude Include="AlgLib\statistics.h">
      <Filter>Заголовочные файлы\Alglib</Filter>
    </ClInclude>
    <ClInclude Include="AlgLib\linalg.h">
      <Filter>Заголовочные файлы\Alglib</Filter>
    </ClInclude>
    <ClInclude Include="AlgLib\alglibmisc.h">
      <Filter>Заголовочные файлы\Alglib</Filter>
    </ClInclude>
    <ClInclude Include="AlgLib\alglibinternal.h">
      <Filter>Заголовочные файлы\Alglib</Filter>
    </ClInclude>
    <ClInclude Include="Tests\Tests.h">
      <Filter>Заголовочные файлы\Tests</Filter>
    </ClInclude>
  </ItemGroup>
  <ItemGroup>
    <ClCompile Include="stdafx.cpp">
      <Filter>Файлы исходного кода</Filter>
    </ClCompile>
    <ClCompile Include="ACorePoly.cpp">
      <Filter>Файлы исходного кода</Filter>
    </ClCompile>
    <ClCompile Include="PolyLib\ACorePolyLib.cpp">
      <Filter>Файлы исходного кода\PolyLib</Filter>
    </ClCompile>
    <ClCompile Include="PolyLib\Signal.cpp">
      <Filter>Файлы исходного кода\PolyLib</Filter>
    </ClCompile>
    <ClCompile Include="PolyLib\Polynom.cpp">
      <Filter>Файлы исходного кода\PolyLib</Filter>
    </ClCompile>
    <ClCompile Include="PolyLib\PolyLibHelpers.cpp">
      <Filter>Файлы исходного кода\PolyLib</Filter>
    </ClCompile>
    <ClCompile Include="PolyLib\AmplSolver.cpp">
      <Filter>Файлы исходного кода\PolyLib</Filter>
    </ClCompile>
    <ClCompile Include="PolyLib\ACoreSolver.cpp">
      <Filter>Файлы исходного кода\PolyLib</Filter>
    </ClCompile>
    <ClCompile Include="PolyLib\SegmentSolver.cpp">
      <Filter>Файлы исходного кода\PolyLib</Filter>
    </ClCompile>
    <ClCompile Include="PolyLib\ACore.cpp">
      <Filter>Файлы исходного кода\PolyLib</Filter>
    </ClCompile>
    <ClCompile Include="PolyLib\Descriptions.cpp">
      <Filter>Файлы исходного кода\PolyLib</Filter>
    </ClCompile>
    <ClCompile Include="PolyLib\SegmentDescription.cpp">
      <Filter>Файлы исходного кода\PolyLib</Filter>
    </ClCompile>
    <ClCompile Include="PolyLib\DescriptionBuilder.cpp">
      <Filter>Файлы исходного кода\PolyLib</Filter>
    </ClCompile>
    <ClCompile Include="PolyLib\SignalSolver.cpp">
      <Filter>Файлы исходного кода\PolyLib</Filter>
    </ClCompile>
    <ClCompile Include="PolyLib\Optimisation.cpp">
      <Filter>Файлы исходного кода\PolyLib</Filter>
    </ClCompile>
    <ClCompile Include="AlgLib\ap.cpp">
      <Filter>Файлы исходного кода\Alglib</Filter>
    </ClCompile>
    <ClCompile Include="AlgLib\solvers.cpp">
      <Filter>Файлы исходного кода\Alglib</Filter>
    </ClCompile>
    <ClCompile Include="AlgLib\interpolation.cpp">
      <Filter>Файлы исходного кода\Alglib</Filter>
    </ClCompile>
    <ClCompile Include="AlgLib\integration.cpp">
      <Filter>Файлы исходного кода\Alglib</Filter>
    </ClCompile>
    <ClCompile Include="AlgLib\fasttransforms.cpp">
      <Filter>Файлы исходного кода\Alglib</Filter>
    </ClCompile>
    <ClCompile Include="AlgLib\diffequations.cpp">
      <Filter>Файлы исходного кода\Alglib</Filter>
    </ClCompile>
    <ClCompile Include="AlgLib\optimization.cpp">
      <Filter>Файлы исходного кода\Alglib</Filter>
    </ClCompile>
    <ClCompile Include="AlgLib\specialfunctions.cpp">
      <Filter>Файлы исходного кода\Alglib</Filter>
    </ClCompile>
    <ClCompile Include="AlgLib\dataanalysis.cpp">
      <Filter>Файлы исходного кода\Alglib</Filter>
    </ClCompile>
    <ClCompile Include="AlgLib\statistics.cpp">
      <Filter>Файлы исходного кода\Alglib</Filter>
    </ClCompile>
    <ClCompile Include="AlgLib\linalg.cpp">
      <Filter>Файлы исходного кода\Alglib</Filter>
    </ClCompile>
    <ClCompile Include="AlgLib\alglibmisc.cpp">
      <Filter>Файлы исходного кода\Alglib</Filter>
    </ClCompile>
    <ClCompile Include="AlgLib\alglibinternal.cpp">
      <Filter>Файлы исходного кода\Alglib</Filter>
    </ClCompile>
    <ClCompile Include="Tests\Tests.cpp">
      <Filter>Файлы исходного кода\Tests</Filter>
    </ClCompile>
    <ClCompile Include="Tests\DecomposeTests.cpp">
      <Filter>Файлы исходного кода\Tests</Filter>
    </ClCompile>
    <ClCompile Include="Tests\PolynomTests.cpp">
      <Filter>Файлы исходного кода\Tests</Filter>
    </ClCompile>
  </ItemGroup>
</Project>